
Microsoft Visual Studio Solution File, Format Version 12.00
# Visual Studio Version 16
VisualStudioVersion = 16.0.28705.295
MinimumVisualStudioVersion = 10.0.40219.1
Project("{9A19103F-16F7-4668-BE54-9A1E7A4F7556}") = "Hikari.Common", "src\Hikari.Common\Hikari.Common.csproj", "{1802A27F-1CDE-4D5C-BB7F-3F4FD388CFF3}"
EndProject
Project("{9A19103F-16F7-4668-BE54-9A1E7A4F7556}") = "XUnitTestProject1", "test\XUnitTestProject1\XUnitTestProject1.csproj", "{2D5CB179-895D-46DE-A4E4-57F3A85DBA51}"
EndProject
Project("{9A19103F-16F7-4668-BE54-9A1E7A4F7556}") = "FsLib.EfCore", "src\FsLib.EfCore\FsLib.EfCore.csproj", "{22F7927D-6CC4-45F7-9856-A875808FFC22}"
EndProject
Project("{9A19103F-16F7-4668-BE54-9A1E7A4F7556}") = "FsLib.DbCore", "src\FsLib.DbCore\FsLib.DbCore.csproj", "{A7AEF1B7-DAEB-4C1F-A461-4DCE7D7E78DA}"
EndProject
Project("{9A19103F-16F7-4668-BE54-9A1E7A4F7556}") = "FsLib.CreditCardUtils", "src\FsLib.CreditCardUtils\FsLib.CreditCardUtils.csproj", "{0A7350A7-324D-4F97-B2C3-FB5F0655EA8B}"
EndProject
Project("{2150E333-8FDC-42A3-9474-1A3956D46DE8}") = "test", "test", "{E7E1B92C-69E3-4919-8844-AEF4E5C325C8}"
EndProject
Project("{2150E333-8FDC-42A3-9474-1A3956D46DE8}") = "src", "src", "{8594F782-B980-46E4-B45F-5673AC4D7862}"
EndProject
Project("{9A19103F-16F7-4668-BE54-9A1E7A4F7556}") = "FsLib.TuChuangUtils", "src\FsLib.TuChuangUtils\FsLib.TuChuangUtils.csproj", "{AA8D10A9-5A9A-4F96-BE74-AD5088998BAD}"
EndProject
Project("{9A19103F-16F7-4668-BE54-9A1E7A4F7556}") = "WebApplication1", "test\WebApplication1\WebApplication1.csproj", "{E4208D18-3A1D-4C40-AB32-5217D7FDD096}"
EndProject
Project("{9A19103F-16F7-4668-BE54-9A1E7A4F7556}") = "GalaSoft.MvvmLight", "src\GalaSoft.MvvmLight\GalaSoft.MvvmLight.csproj", "{403F8466-F734-471C-BC9D-78339E90C21F}"
EndProject
Project("{FAE04EC0-301F-11D3-BF4B-00C04F79EFBC}") = "Hikari.WPF", "src\Hikari.WPF\Hikari.WPF.csproj", "{66D205F3-EF14-43DD-AAA3-9DA1296DB983}"
EndProject
Global
	GlobalSection(SolutionConfigurationPlatforms) = preSolution
		Debug|Any CPU = Debug|Any CPU
		Release|Any CPU = Release|Any CPU
	EndGlobalSection
	GlobalSection(ProjectConfigurationPlatforms) = postSolution
		{1802A27F-1CDE-4D5C-BB7F-3F4FD388CFF3}.Debug|Any CPU.ActiveCfg = Debug|Any CPU
		{1802A27F-1CDE-4D5C-BB7F-3F4FD388CFF3}.Debug|Any CPU.Build.0 = Debug|Any CPU
		{1802A27F-1CDE-4D5C-BB7F-3F4FD388CFF3}.Release|Any CPU.ActiveCfg = Release|Any CPU
		{1802A27F-1CDE-4D5C-BB7F-3F4FD388CFF3}.Release|Any CPU.Build.0 = Release|Any CPU
		{2D5CB179-895D-46DE-A4E4-57F3A85DBA51}.Debug|Any CPU.ActiveCfg = Debug|Any CPU
		{2D5CB179-895D-46DE-A4E4-57F3A85DBA51}.Debug|Any CPU.Build.0 = Debug|Any CPU
		{2D5CB179-895D-46DE-A4E4-57F3A85DBA51}.Release|Any CPU.ActiveCfg = Release|Any CPU
		{2D5CB179-895D-46DE-A4E4-57F3A85DBA51}.Release|Any CPU.Build.0 = Release|Any CPU
		{22F7927D-6CC4-45F7-9856-A875808FFC22}.Debug|Any CPU.ActiveCfg = Debug|Any CPU
		{22F7927D-6CC4-45F7-9856-A875808FFC22}.Debug|Any CPU.Build.0 = Debug|Any CPU
		{22F7927D-6CC4-45F7-9856-A875808FFC22}.Release|Any CPU.ActiveCfg = Release|Any CPU
		{22F7927D-6CC4-45F7-9856-A875808FFC22}.Release|Any CPU.Build.0 = Release|Any CPU
		{A7AEF1B7-DAEB-4C1F-A461-4DCE7D7E78DA}.Debug|Any CPU.ActiveCfg = Debug|Any CPU
		{A7AEF1B7-DAEB-4C1F-A461-4DCE7D7E78DA}.Debug|Any CPU.Build.0 = Debug|Any CPU
		{A7AEF1B7-DAEB-4C1F-A461-4DCE7D7E78DA}.Release|Any CPU.ActiveCfg = Release|Any CPU
		{A7AEF1B7-DAEB-4C1F-A461-4DCE7D7E78DA}.Release|Any CPU.Build.0 = Release|Any CPU
		{0A7350A7-324D-4F97-B2C3-FB5F0655EA8B}.Debug|Any CPU.ActiveCfg = Debug|Any CPU
		{0A7350A7-324D-4F97-B2C3-FB5F0655EA8B}.Debug|Any CPU.Build.0 = Debug|Any CPU
		{0A7350A7-324D-4F97-B2C3-FB5F0655EA8B}.Release|Any CPU.ActiveCfg = Release|Any CPU
		{0A7350A7-324D-4F97-B2C3-FB5F0655EA8B}.Release|Any CPU.Build.0 = Release|Any CPU
		{AA8D10A9-5A9A-4F96-BE74-AD5088998BAD}.Debug|Any CPU.ActiveCfg = Debug|Any CPU
		{AA8D10A9-5A9A-4F96-BE74-AD5088998BAD}.Debug|Any CPU.Build.0 = Debug|Any CPU
		{AA8D10A9-5A9A-4F96-BE74-AD5088998BAD}.Release|Any CPU.ActiveCfg = Release|Any CPU
		{AA8D10A9-5A9A-4F96-BE74-AD5088998BAD}.Release|Any CPU.Build.0 = Release|Any CPU
		{E4208D18-3A1D-4C40-AB32-5217D7FDD096}.Debug|Any CPU.ActiveCfg = Debug|Any CPU
		{E4208D18-3A1D-4C40-AB32-5217D7FDD096}.Debug|Any CPU.Build.0 = Debug|Any CPU
		{E4208D18-3A1D-4C40-AB32-5217D7FDD096}.Release|Any CPU.ActiveCfg = Release|Any CPU
		{E4208D18-3A1D-4C40-AB32-5217D7FDD096}.Release|Any CPU.Build.0 = Release|Any CPU
		{403F8466-F734-471C-BC9D-78339E90C21F}.Debug|Any CPU.ActiveCfg = Debug|Any CPU
		{403F8466-F734-471C-BC9D-78339E90C21F}.Debug|Any CPU.Build.0 = Debug|Any CPU
		{403F8466-F734-471C-BC9D-78339E90C21F}.Release|Any CPU.ActiveCfg = Release|Any CPU
		{403F8466-F734-471C-BC9D-78339E90C21F}.Release|Any CPU.Build.0 = Release|Any CPU
		{66D205F3-EF14-43DD-AAA3-9DA1296DB983}.Debug|Any CPU.ActiveCfg = Debug|Any CPU
		{66D205F3-EF14-43DD-AAA3-9DA1296DB983}.Debug|Any CPU.Build.0 = Debug|Any CPU
		{66D205F3-EF14-43DD-AAA3-9DA1296DB983}.Release|Any CPU.ActiveCfg = Release|Any CPU
		{66D205F3-EF14-43DD-AAA3-9DA1296DB983}.Release|Any CPU.Build.0 = Release|Any CPU
	EndGlobalSection
	GlobalSection(SolutionProperties) = preSolution
		HideSolutionNode = FALSE
	EndGlobalSection
	GlobalSection(NestedProjects) = preSolution
		{1802A27F-1CDE-4D5C-BB7F-3F4FD388CFF3} = {8594F782-B980-46E4-B45F-5673AC4D7862}
		{2D5CB179-895D-46DE-A4E4-57F3A85DBA51} = {E7E1B92C-69E3-4919-8844-AEF4E5C325C8}
		{22F7927D-6CC4-45F7-9856-A875808FFC22} = {8594F782-B980-46E4-B45F-5673AC4D7862}
		{A7AEF1B7-DAEB-4C1F-A461-4DCE7D7E78DA} = {8594F782-B980-46E4-B45F-5673AC4D7862}
		{0A7350A7-324D-4F97-B2C3-FB5F0655EA8B} = {8594F782-B980-46E4-B45F-5673AC4D7862}
		{AA8D10A9-5A9A-4F96-BE74-AD5088998BAD} = {8594F782-B980-46E4-B45F-5673AC4D7862}
		{E4208D18-3A1D-4C40-AB32-5217D7FDD096} = {E7E1B92C-69E3-4919-8844-AEF4E5C325C8}
		{403F8466-F734-471C-BC9D-78339E90C21F} = {8594F782-B980-46E4-B45F-5673AC4D7862}
		{66D205F3-EF14-43DD-AAA3-9DA1296DB983} = {8594F782-B980-46E4-B45F-5673AC4D7862}
	EndGlobalSection
	GlobalSection(ExtensibilityGlobals) = postSolution
		SolutionGuid = {B9842A58-6189-4D06-8F5D-789267C22712}
	EndGlobalSection
EndGlobal
