
Microsoft Visual Studio Solution File, Format Version 12.00
# Visual Studio Version 17
VisualStudioVersion = 17.0.31423.177
MinimumVisualStudioVersion = 10.0.40219.1
Project("{9A19103F-16F7-4668-BE54-9A1E7A4F7556}") = "Hikari.Common", "src\Hikari.Common\Hikari.Common.csproj", "{1802A27F-1CDE-4D5C-BB7F-3F4FD388CFF3}"
EndProject
Project("{9A19103F-16F7-4668-BE54-9A1E7A4F7556}") = "XUnitTestProject1", "test\XUnitTestProject1\XUnitTestProject1.csproj", "{2D5CB179-895D-46DE-A4E4-57F3A85DBA51}"
EndProject
Project("{9A19103F-16F7-4668-BE54-9A1E7A4F7556}") = "Hikari.Common.EfCore", "src\Hikari.Common.EfCore\Hikari.Common.EfCore.csproj", "{22F7927D-6CC4-45F7-9856-A875808FFC22}"
EndProject
Project("{9A19103F-16F7-4668-BE54-9A1E7A4F7556}") = "Hikari.DbCore", "src\Hikari.DbCore\Hikari.DbCore.csproj", "{A7AEF1B7-DAEB-4C1F-A461-4DCE7D7E78DA}"
EndProject
Project("{9A19103F-16F7-4668-BE54-9A1E7A4F7556}") = "Hikari.Common.CreditCard", "src\Hikari.Common.CreditCard\Hikari.Common.CreditCard.csproj", "{0A7350A7-324D-4F97-B2C3-FB5F0655EA8B}"
EndProject
Project("{2150E333-8FDC-42A3-9474-1A3956D46DE8}") = "test", "test", "{E7E1B92C-69E3-4919-8844-AEF4E5C325C8}"
EndProject
Project("{2150E333-8FDC-42A3-9474-1A3956D46DE8}") = "src", "src", "{8594F782-B980-46E4-B45F-5673AC4D7862}"
EndProject
Project("{9A19103F-16F7-4668-BE54-9A1E7A4F7556}") = "FsLib.TuChuangUtils", "src\FsLib.TuChuangUtils\FsLib.TuChuangUtils.csproj", "{AA8D10A9-5A9A-4F96-BE74-AD5088998BAD}"
EndProject
Project("{9A19103F-16F7-4668-BE54-9A1E7A4F7556}") = "Hikari.Mvvm", "src\Hikari.Mvvm\Hikari.Mvvm.csproj", "{66D205F3-EF14-43DD-AAA3-9DA1296DB983}"
EndProject
Project("{9A19103F-16F7-4668-BE54-9A1E7A4F7556}") = "Hikari.Common.Redis", "src\Hikari.Common.Redis\Hikari.Common.Redis.csproj", "{C18A3883-09F3-478E-94F5-BFB980A975EF}"
EndProject
Project("{9A19103F-16F7-4668-BE54-9A1E7A4F7556}") = "Hikari.Common.Web.AspNetCore", "src\Hikari.Common.Web.AspNetCore\Hikari.Common.Web.AspNetCore.csproj", "{61ACA6CA-B3E7-4C42-BD56-00E46961A579}"
EndProject
Project("{9A19103F-16F7-4668-BE54-9A1E7A4F7556}") = "Hikari.Common.Office", "src\Hikari.Common.Office\Hikari.Common.Office.csproj", "{D74133B8-73C8-438F-8CB7-B2AF15DC39A9}"
EndProject
Project("{9A19103F-16F7-4668-BE54-9A1E7A4F7556}") = "Hikari.Dapper.Contrib", "src\Hikari.Dapper.Contrib\Hikari.Dapper.Contrib.csproj", "{B929F68C-F66D-4505-9AFE-5DD73A497E53}"
EndProject
Project("{9A19103F-16F7-4668-BE54-9A1E7A4F7556}") = "WebApplication1", "test\WebApplication1\WebApplication1.csproj", "{21E1BF61-B970-4456-9677-B1998373C57D}"
EndProject
Project("{9A19103F-16F7-4668-BE54-9A1E7A4F7556}") = "Hikari.Common.ElasticSearch", "src\Hikari.Common.ElasticSearch\Hikari.Common.ElasticSearch.csproj", "{AAF99C4E-B553-4F16-BC62-FF9EACAAADB9}"
EndProject
Global
	GlobalSection(SolutionConfigurationPlatforms) = preSolution
		Debug|Any CPU = Debug|Any CPU
		Release|Any CPU = Release|Any CPU
	EndGlobalSection
	GlobalSection(ProjectConfigurationPlatforms) = postSolution
		{1802A27F-1CDE-4D5C-BB7F-3F4FD388CFF3}.Debug|Any CPU.ActiveCfg = Debug|Any CPU
		{1802A27F-1CDE-4D5C-BB7F-3F4FD388CFF3}.Debug|Any CPU.Build.0 = Debug|Any CPU
		{1802A27F-1CDE-4D5C-BB7F-3F4FD388CFF3}.Release|Any CPU.ActiveCfg = Release|Any CPU
		{1802A27F-1CDE-4D5C-BB7F-3F4FD388CFF3}.Release|Any CPU.Build.0 = Release|Any CPU
		{2D5CB179-895D-46DE-A4E4-57F3A85DBA51}.Debug|Any CPU.ActiveCfg = Debug|Any CPU
		{2D5CB179-895D-46DE-A4E4-57F3A85DBA51}.Debug|Any CPU.Build.0 = Debug|Any CPU
		{2D5CB179-895D-46DE-A4E4-57F3A85DBA51}.Release|Any CPU.ActiveCfg = Release|Any CPU
		{2D5CB179-895D-46DE-A4E4-57F3A85DBA51}.Release|Any CPU.Build.0 = Release|Any CPU
		{22F7927D-6CC4-45F7-9856-A875808FFC22}.Debug|Any CPU.ActiveCfg = Debug|Any CPU
		{22F7927D-6CC4-45F7-9856-A875808FFC22}.Debug|Any CPU.Build.0 = Debug|Any CPU
		{22F7927D-6CC4-45F7-9856-A875808FFC22}.Release|Any CPU.ActiveCfg = Release|Any CPU
		{22F7927D-6CC4-45F7-9856-A875808FFC22}.Release|Any CPU.Build.0 = Release|Any CPU
		{A7AEF1B7-DAEB-4C1F-A461-4DCE7D7E78DA}.Debug|Any CPU.ActiveCfg = Debug|Any CPU
		{A7AEF1B7-DAEB-4C1F-A461-4DCE7D7E78DA}.Debug|Any CPU.Build.0 = Debug|Any CPU
		{A7AEF1B7-DAEB-4C1F-A461-4DCE7D7E78DA}.Release|Any CPU.ActiveCfg = Release|Any CPU
		{A7AEF1B7-DAEB-4C1F-A461-4DCE7D7E78DA}.Release|Any CPU.Build.0 = Release|Any CPU
		{0A7350A7-324D-4F97-B2C3-FB5F0655EA8B}.Debug|Any CPU.ActiveCfg = Debug|Any CPU
		{0A7350A7-324D-4F97-B2C3-FB5F0655EA8B}.Debug|Any CPU.Build.0 = Debug|Any CPU
		{0A7350A7-324D-4F97-B2C3-FB5F0655EA8B}.Release|Any CPU.ActiveCfg = Release|Any CPU
		{0A7350A7-324D-4F97-B2C3-FB5F0655EA8B}.Release|Any CPU.Build.0 = Release|Any CPU
		{AA8D10A9-5A9A-4F96-BE74-AD5088998BAD}.Debug|Any CPU.ActiveCfg = Debug|Any CPU
		{AA8D10A9-5A9A-4F96-BE74-AD5088998BAD}.Debug|Any CPU.Build.0 = Debug|Any CPU
		{AA8D10A9-5A9A-4F96-BE74-AD5088998BAD}.Release|Any CPU.ActiveCfg = Release|Any CPU
		{AA8D10A9-5A9A-4F96-BE74-AD5088998BAD}.Release|Any CPU.Build.0 = Release|Any CPU
		{66D205F3-EF14-43DD-AAA3-9DA1296DB983}.Debug|Any CPU.ActiveCfg = Debug|Any CPU
		{66D205F3-EF14-43DD-AAA3-9DA1296DB983}.Debug|Any CPU.Build.0 = Debug|Any CPU
		{66D205F3-EF14-43DD-AAA3-9DA1296DB983}.Release|Any CPU.ActiveCfg = Release|Any CPU
		{66D205F3-EF14-43DD-AAA3-9DA1296DB983}.Release|Any CPU.Build.0 = Release|Any CPU
		{C18A3883-09F3-478E-94F5-BFB980A975EF}.Debug|Any CPU.ActiveCfg = Debug|Any CPU
		{C18A3883-09F3-478E-94F5-BFB980A975EF}.Debug|Any CPU.Build.0 = Debug|Any CPU
		{C18A3883-09F3-478E-94F5-BFB980A975EF}.Release|Any CPU.ActiveCfg = Release|Any CPU
		{C18A3883-09F3-478E-94F5-BFB980A975EF}.Release|Any CPU.Build.0 = Release|Any CPU
		{61ACA6CA-B3E7-4C42-BD56-00E46961A579}.Debug|Any CPU.ActiveCfg = Debug|Any CPU
		{61ACA6CA-B3E7-4C42-BD56-00E46961A579}.Debug|Any CPU.Build.0 = Debug|Any CPU
		{61ACA6CA-B3E7-4C42-BD56-00E46961A579}.Release|Any CPU.ActiveCfg = Release|Any CPU
		{61ACA6CA-B3E7-4C42-BD56-00E46961A579}.Release|Any CPU.Build.0 = Release|Any CPU
		{D74133B8-73C8-438F-8CB7-B2AF15DC39A9}.Debug|Any CPU.ActiveCfg = Debug|Any CPU
		{D74133B8-73C8-438F-8CB7-B2AF15DC39A9}.Debug|Any CPU.Build.0 = Debug|Any CPU
		{D74133B8-73C8-438F-8CB7-B2AF15DC39A9}.Release|Any CPU.ActiveCfg = Release|Any CPU
		{D74133B8-73C8-438F-8CB7-B2AF15DC39A9}.Release|Any CPU.Build.0 = Release|Any CPU
		{B929F68C-F66D-4505-9AFE-5DD73A497E53}.Debug|Any CPU.ActiveCfg = Debug|Any CPU
		{B929F68C-F66D-4505-9AFE-5DD73A497E53}.Debug|Any CPU.Build.0 = Debug|Any CPU
		{B929F68C-F66D-4505-9AFE-5DD73A497E53}.Release|Any CPU.ActiveCfg = Release|Any CPU
		{B929F68C-F66D-4505-9AFE-5DD73A497E53}.Release|Any CPU.Build.0 = Release|Any CPU
		{21E1BF61-B970-4456-9677-B1998373C57D}.Debug|Any CPU.ActiveCfg = Debug|Any CPU
		{21E1BF61-B970-4456-9677-B1998373C57D}.Debug|Any CPU.Build.0 = Debug|Any CPU
		{21E1BF61-B970-4456-9677-B1998373C57D}.Release|Any CPU.ActiveCfg = Release|Any CPU
		{21E1BF61-B970-4456-9677-B1998373C57D}.Release|Any CPU.Build.0 = Release|Any CPU
		{AAF99C4E-B553-4F16-BC62-FF9EACAAADB9}.Debug|Any CPU.ActiveCfg = Debug|Any CPU
		{AAF99C4E-B553-4F16-BC62-FF9EACAAADB9}.Debug|Any CPU.Build.0 = Debug|Any CPU
		{AAF99C4E-B553-4F16-BC62-FF9EACAAADB9}.Release|Any CPU.ActiveCfg = Release|Any CPU
		{AAF99C4E-B553-4F16-BC62-FF9EACAAADB9}.Release|Any CPU.Build.0 = Release|Any CPU
	EndGlobalSection
	GlobalSection(SolutionProperties) = preSolution
		HideSolutionNode = FALSE
	EndGlobalSection
	GlobalSection(NestedProjects) = preSolution
		{1802A27F-1CDE-4D5C-BB7F-3F4FD388CFF3} = {8594F782-B980-46E4-B45F-5673AC4D7862}
		{2D5CB179-895D-46DE-A4E4-57F3A85DBA51} = {E7E1B92C-69E3-4919-8844-AEF4E5C325C8}
		{22F7927D-6CC4-45F7-9856-A875808FFC22} = {8594F782-B980-46E4-B45F-5673AC4D7862}
		{A7AEF1B7-DAEB-4C1F-A461-4DCE7D7E78DA} = {8594F782-B980-46E4-B45F-5673AC4D7862}
		{0A7350A7-324D-4F97-B2C3-FB5F0655EA8B} = {8594F782-B980-46E4-B45F-5673AC4D7862}
		{AA8D10A9-5A9A-4F96-BE74-AD5088998BAD} = {8594F782-B980-46E4-B45F-5673AC4D7862}
		{66D205F3-EF14-43DD-AAA3-9DA1296DB983} = {8594F782-B980-46E4-B45F-5673AC4D7862}
		{C18A3883-09F3-478E-94F5-BFB980A975EF} = {8594F782-B980-46E4-B45F-5673AC4D7862}
		{61ACA6CA-B3E7-4C42-BD56-00E46961A579} = {8594F782-B980-46E4-B45F-5673AC4D7862}
		{D74133B8-73C8-438F-8CB7-B2AF15DC39A9} = {8594F782-B980-46E4-B45F-5673AC4D7862}
		{B929F68C-F66D-4505-9AFE-5DD73A497E53} = {8594F782-B980-46E4-B45F-5673AC4D7862}
		{21E1BF61-B970-4456-9677-B1998373C57D} = {E7E1B92C-69E3-4919-8844-AEF4E5C325C8}
		{AAF99C4E-B553-4F16-BC62-FF9EACAAADB9} = {8594F782-B980-46E4-B45F-5673AC4D7862}
	EndGlobalSection
	GlobalSection(ExtensibilityGlobals) = postSolution
		SolutionGuid = {B9842A58-6189-4D06-8F5D-789267C22712}
	EndGlobalSection
EndGlobal
